{
    "_readme": [
        "This file locks the dependencies of your project to a known state",
        "Read more about it at https://getcomposer.org/doc/01-basic-usage.md#composer-lock-the-lock-file",
        "This file is @generated automatically"
    ],
    "content-hash": "68bc495f12de0d63108d19cd37ec5c98",
    "packages": [
        {
            "name": "adodb/adodb-php",
            "version": "v5.20.12",
            "source": {
                "type": "git",
                "url": "https://github.com/ADOdb/ADOdb.git",
                "reference": "0e5243790c5a02a88b0dfe78c390fe795ad2d672"
            },
            "dist": {
                "type": "zip",
                "url": "https://api.github.com/repos/ADOdb/ADOdb/zipball/0e5243790c5a02a88b0dfe78c390fe795ad2d672",
                "reference": "0e5243790c5a02a88b0dfe78c390fe795ad2d672",
                "shasum": ""
            },
            "require": {
                "php": ">=5.3.2"
            },
            "type": "library",
            "autoload": {
                "files": [
                    "adodb.inc.php"
                ]
            },
            "notification-url": "https://packagist.org/downloads/",
            "license": [
                "BSD-3-Clause",
                "LGPL-2.1-or-later"
            ],
            "authors": [
                {
                    "name": "John Lim",
                    "email": "jlim@natsoft.com",
                    "role": "Author"
                },
                {
                    "name": "Damien Regad",
                    "role": "Current maintainer"
                },
                {
                    "name": "Mark Newnham",
                    "role": "Developer"
                }
            ],
            "description": "ADOdb is a PHP database abstraction layer library",
            "homepage": "http://adodb.org/",
            "keywords": [
                "abstraction",
                "database",
                "layer",
                "library",
                "php"
            ],
            "time": "2018-03-30T17:31:04+00:00"
        },
        {
            "name": "doctrine/lexer",
            "version": "v1.0.1",
            "source": {
                "type": "git",
                "url": "https://github.com/doctrine/lexer.git",
                "reference": "83893c552fd2045dd78aef794c31e694c37c0b8c"
            },
            "dist": {
                "type": "zip",
                "url": "https://api.github.com/repos/doctrine/lexer/zipball/83893c552fd2045dd78aef794c31e694c37c0b8c",
                "reference": "83893c552fd2045dd78aef794c31e694c37c0b8c",
                "shasum": ""
            },
            "require": {
                "php": ">=5.3.2"
            },
            "type": "library",
            "extra": {
                "branch-alias": {
                    "dev-master": "1.0.x-dev"
                }
            },
            "autoload": {
                "psr-0": {
                    "Doctrine\\Common\\Lexer\\": "lib/"
                }
            },
            "notification-url": "https://packagist.org/downloads/",
            "license": [
                "MIT"
            ],
            "authors": [
                {
                    "name": "Roman Borschel",
                    "email": "roman@code-factory.org"
                },
                {
                    "name": "Guilherme Blanco",
                    "email": "guilhermeblanco@gmail.com"
                },
                {
                    "name": "Johannes Schmitt",
                    "email": "schmittjoh@gmail.com"
                }
            ],
            "description": "Base library for a lexer that can be used in Top-Down, Recursive Descent Parsers.",
            "homepage": "http://www.doctrine-project.org",
            "keywords": [
                "lexer",
                "parser"
            ],
            "time": "2014-09-09T13:34:57+00:00"
        },
        {
            "name": "egulias/email-validator",
            "version": "2.1.4",
            "source": {
                "type": "git",
                "url": "https://github.com/egulias/EmailValidator.git",
                "reference": "8790f594151ca6a2010c6218e09d96df67173ad3"
            },
            "dist": {
                "type": "zip",
                "url": "https://api.github.com/repos/egulias/EmailValidator/zipball/8790f594151ca6a2010c6218e09d96df67173ad3",
                "reference": "8790f594151ca6a2010c6218e09d96df67173ad3",
                "shasum": ""
            },
            "require": {
                "doctrine/lexer": "^1.0.1",
                "php": ">= 5.5"
            },
            "require-dev": {
                "dominicsayers/isemail": "dev-master",
                "phpunit/phpunit": "^4.8.35||^5.7||^6.0",
                "satooshi/php-coveralls": "^1.0.1"
            },
            "suggest": {
                "ext-intl": "PHP Internationalization Libraries are required to use the SpoofChecking validation"
            },
            "type": "library",
            "extra": {
                "branch-alias": {
                    "dev-master": "2.0.x-dev"
                }
            },
            "autoload": {
                "psr-4": {
                    "Egulias\\EmailValidator\\": "EmailValidator"
                }
            },
            "notification-url": "https://packagist.org/downloads/",
            "license": [
                "MIT"
            ],
            "authors": [
                {
                    "name": "Eduardo Gulias Davis"
                }
            ],
            "description": "A library for validating emails against several RFCs",
            "homepage": "https://github.com/egulias/EmailValidator",
            "keywords": [
                "email",
                "emailvalidation",
                "emailvalidator",
                "validation",
                "validator"
            ],
            "time": "2018-04-10T10:11:19+00:00"
        },
        {
            "name": "electrolinux/phpquery",
            "version": "0.9.6",
            "source": {
                "type": "git",
                "url": "https://github.com/electrolinux/phpquery.git",
                "reference": "6cb8afcfe8cd4ce45f2f8c27d561383037c27a3a"
            },
            "dist": {
                "type": "zip",
                "url": "https://api.github.com/repos/electrolinux/phpquery/zipball/6cb8afcfe8cd4ce45f2f8c27d561383037c27a3a",
                "reference": "6cb8afcfe8cd4ce45f2f8c27d561383037c27a3a",
                "shasum": ""
            },
            "type": "library",
            "autoload": {
                "classmap": [
                    "phpQuery/"
                ]
            },
            "notification-url": "https://packagist.org/downloads/",
            "license": [
                "MIT"
            ],
            "authors": [
                {
                    "name": "Tobiasz Cudnik",
                    "email": "tobiasz.cudnik@gmail.com",
                    "homepage": "https://github.com/TobiaszCudnik",
                    "role": "Developer"
                },
                {
                    "name": "didier Belot",
                    "role": "Packager"
                }
            ],
            "description": "phpQuery is a server-side, chainable, CSS3 selector driven Document Object Model (DOM) API based on jQuery JavaScript Library",
            "homepage": "http://code.google.com/p/phpquery/",
            "time": "2013-03-21T12:39:33+00:00"
        },
        {
            "name": "ircmaxell/password-compat",
            "version": "v1.0.4",
            "source": {
                "type": "git",
                "url": "https://github.com/ircmaxell/password_compat.git",
                "reference": "5c5cde8822a69545767f7c7f3058cb15ff84614c"
            },
            "dist": {
                "type": "zip",
                "url": "https://api.github.com/repos/ircmaxell/password_compat/zipball/5c5cde8822a69545767f7c7f3058cb15ff84614c",
                "reference": "5c5cde8822a69545767f7c7f3058cb15ff84614c",
                "shasum": ""
            },
            "require-dev": {
                "phpunit/phpunit": "4.*"
            },
            "type": "library",
            "autoload": {
                "files": [
                    "lib/password.php"
                ]
            },
            "notification-url": "https://packagist.org/downloads/",
            "license": [
                "MIT"
            ],
            "authors": [
                {
                    "name": "Anthony Ferrara",
                    "email": "ircmaxell@php.net",
                    "homepage": "http://blog.ircmaxell.com"
                }
            ],
            "description": "A compatibility library for the proposed simplified password hashing algorithm: https://wiki.php.net/rfc/password_hash",
            "homepage": "https://github.com/ircmaxell/password_compat",
            "keywords": [
                "hashing",
                "password"
            ],
            "time": "2014-11-20T16:49:30+00:00"
        },
        {
            "name": "jbzoo/data",
            "version": "1.7.0",
            "source": {
                "type": "git",
                "url": "https://github.com/JBZoo/Data.git",
                "reference": "81113c7ce86ea4e7df5449fec32d62310abb81f1"
            },
            "dist": {
                "type": "zip",
                "url": "https://api.github.com/repos/JBZoo/Data/zipball/81113c7ce86ea4e7df5449fec32d62310abb81f1",
                "reference": "81113c7ce86ea4e7df5449fec32d62310abb81f1",
                "shasum": ""
            },
            "require": {
                "jbzoo/utils": "^1.4.2|^2.0",
                "php": ">=5.6"
            },
            "require-dev": {
                "jbzoo/phpunit": "^1.10",
                "jbzoo/profiler": "^1.0",
                "symfony/yaml": "^2.8|^3.0"
            },
            "suggest": {
                "symfony/yaml": "^2.8|^3.0"
            },
            "type": "library",
            "extra": {
                "branch-alias": {
                    "dev-master": "1.x-dev"
                }
            },
            "autoload": {
                "files": [
                    "src/functions.php"
                ],
                "psr-4": {
                    "JBZoo\\Data\\": "src"
                }
            },
            "notification-url": "https://packagist.org/downloads/",
            "license": [
                "MIT"
            ],
            "authors": [
                {
                    "name": "SmetDenis",
                    "email": "denis@jbzoo.com",
                    "role": "lead"
                }
            ],
            "description": "Extended implementation of ArrayObject",
            "keywords": [
                "array",
                "arrayobject",
                "config",
                "data",
                "ini",
                "json",
                "params",
                "yml"
            ],
            "time": "2017-11-17T15:20:26+00:00"
        },
        {
            "name": "jbzoo/image",
            "version": "3.0.4",
            "source": {
                "type": "git",
                "url": "https://github.com/JBZoo/Image.git",
                "reference": "4788cd0a6df06c5baddeb026744e500d4a6b0884"
            },
            "dist": {
                "type": "zip",
                "url": "https://api.github.com/repos/JBZoo/Image/zipball/4788cd0a6df06c5baddeb026744e500d4a6b0884",
                "reference": "4788cd0a6df06c5baddeb026744e500d4a6b0884",
                "shasum": ""
            },
            "require": {
                "ext-gd": "*",
                "jbzoo/utils": "^1.4",
                "php": ">=5.3.10"
            },
            "require-dev": {
                "jbzoo/phpunit": "^1.0"
            },
            "type": "library",
            "extra": {
                "branch-alias": {
                    "dev-master": "3.x-dev"
                }
            },
            "autoload": {
                "psr-4": {
                    "JBZoo\\Image\\": "src"
                }
            },
            "notification-url": "https://packagist.org/downloads/",
            "license": [
                "MIT"
            ],
            "authors": [
                {
                    "name": "Nazar Mokrynskyi",
                    "email": "nazar@mokrynskyi.com",
                    "homepage": "http://cleverstyle.org/",
                    "role": "Developer"
                },
                {
                    "name": "Cory LaViska",
                    "homepage": "http://www.abeautifulsite.net/",
                    "role": "Developer"
                },
                {
                    "name": "SmetDenis",
                    "email": "denis@jbzoo.com",
                    "homepage": "http://jbzoo.com/",
                    "role": "Developer"
                }
            ],
            "description": "A PHP class that simplifies working with images (fork abeautifulsite/simpleimage)",
            "keywords": [
                "crop",
                "filters",
                "gd",
                "image",
                "images",
                "jbzoo",
                "resize",
                "thumbnail",
                "watermark"
            ],
            "time": "2016-06-08T14:21:19+00:00"
        },
        {
            "name": "jbzoo/utils",
            "version": "1.7.11",
            "source": {
                "type": "git",
                "url": "https://github.com/JBZoo/Utils.git",
                "reference": "9d4dd599b8419ca5ea39b11612bf59f7450c2875"
            },
            "dist": {
                "type": "zip",
                "url": "https://api.github.com/repos/JBZoo/Utils/zipball/9d4dd599b8419ca5ea39b11612bf59f7450c2875",
                "reference": "9d4dd599b8419ca5ea39b11612bf59f7450c2875",
                "shasum": ""
            },
            "require": {
                "jbzoo/data": "^1.0",
                "php": ">=5.3.10"
            },
            "require-dev": {
                "jbzoo/phpunit": "^1.6|1.x-dev",
                "jbzoo/profiler": "^1.0",
                "symfony/polyfill-mbstring": "^1.2",
                "symfony/process": "^2.8|^3.1"
            },
            "suggest": {
                "ext-mbstring": "Provides multibyte specific string functions",
                "symfony/polyfill-mbstring": "For UTF-8 if ext-mbstring disabled",
                "symfony/process": "For Cli::exec() method only"
            },
            "type": "library",
            "extra": {
                "branch-alias": {
                    "dev-master": "1.x-dev"
                }
            },
            "autoload": {
                "files": [
                    "src/defines.php"
                ],
                "psr-4": {
                    "JBZoo\\Utils\\": "src"
                }
            },
            "notification-url": "https://packagist.org/downloads/",
            "license": [
                "MIT"
            ],
            "authors": [
                {
                    "name": "Brandon Wamboldt",
                    "email": "brandon.wamboldt@gmail.com"
                },
                {
                    "name": "SmetDenis",
                    "email": "denis@jbzoo.com",
                    "role": "lead"
                },
                {
                    "name": "Luís Nóbrega",
                    "email": "luis.barros.nobrega@gmail.com"
                }
            ],
            "description": "A collection of useful PHP functions, mini classes and snippets that you need every day.",
            "keywords": [
                "array",
                "cli",
                "collection",
                "command line",
                "dates",
                "email",
                "env",
                "environment",
                "filesystem",
                "filter",
                "helper",
                "helpers",
                "http",
                "image",
                "mbstring",
                "misc",
                "serialize",
                "slugify",
                "string",
                "timer",
                "url",
                "utility",
                "utils"
            ],
            "time": "2017-07-19T21:25:44+00:00"
        },
        {
            "name": "leon-mbs/zdb",
            "version": "1.0.8",
            "source": {
                "type": "git",
                "url": "https://github.com/leon-mbs/zdb.git",
                "reference": "59446711cf5b7f81e18878916b533e910f79b168"
            },
            "dist": {
                "type": "zip",
                "url": "https://api.github.com/repos/leon-mbs/zdb/zipball/59446711cf5b7f81e18878916b533e910f79b168",
                "reference": "59446711cf5b7f81e18878916b533e910f79b168",
                "shasum": ""
            },
            "require": {
                "adodb/adodb-php": "v5.20.12",
                "php": ">=5.4.0"
            },
            "type": "library",
            "autoload": {
                "files": [
                    "entity.php",
                    "db.php"
                ]
            },
            "notification-url": "https://packagist.org/downloads/",
            "license": [
                "MIT"
            ],
            "authors": [
                {
                    "name": "Леонид Мартынюк",
                    "email": "leon.mbs@gmail.com"
                }
            ],
            "description": "Библиотека для работы  с БД",
            "keywords": [
                "database",
                "php"
            ],
            "time": "2018-06-10T20:25:20+00:00"
        },
        {
            "name": "leon-mbs/zippy",
            "version": "dev-master",
            "source": {
                "type": "git",
                "url": "https://github.com/leon-mbs/zippy.git",
                "reference": "1280a7a534737a1b2029b2e955ba5fb6c3179a5f"
            },
            "dist": {
                "type": "zip",
                "url": "https://api.github.com/repos/leon-mbs/zippy/zipball/1280a7a534737a1b2029b2e955ba5fb6c3179a5f",
                "reference": "1280a7a534737a1b2029b2e955ba5fb6c3179a5f",
                "shasum": ""
            },
            "require": {
                "electrolinux/phpquery": ">=0.9.6",
                "leon-mbs/zdb": ">=1.0.8",
                "mustache/mustache": "v2.12.0",
                "opis/closure": "^3.0.1",
                "php": ">=5.4.0"
            },
            "type": "library",
            "autoload": {
                "files": [
                    "zippy.inc.php"
                ]
            },
            "notification-url": "https://packagist.org/downloads/",
            "license": [
                "MIT"
            ],
            "authors": [
                {
                    "name": "Леонид Мартынюк",
                    "email": "leon.mbs@gmail.com"
                }
            ],
            "description": "Компонентный событийно-ориентированный PHP фреймворк",
            "homepage": "http://zippy.com.ua/Zippy-framework/opisanie",
            "keywords": [
                "framework",
                "php"
            ],
            "time": "2018-06-10 20:34:30"
        },
        {
            "name": "monolog/monolog",
            "version": "1.23.0",
            "source": {
                "type": "git",
                "url": "https://github.com/Seldaek/monolog.git",
                "reference": "fd8c787753b3a2ad11bc60c063cff1358a32a3b4"
            },
            "dist": {
                "type": "zip",
                "url": "https://api.github.com/repos/Seldaek/monolog/zipball/fd8c787753b3a2ad11bc60c063cff1358a32a3b4",
                "reference": "fd8c787753b3a2ad11bc60c063cff1358a32a3b4",
                "shasum": ""
            },
            "require": {
                "php": ">=5.3.0",
                "psr/log": "~1.0"
            },
            "provide": {
                "psr/log-implementation": "1.0.0"
            },
            "require-dev": {
                "aws/aws-sdk-php": "^2.4.9 || ^3.0",
                "doctrine/couchdb": "~1.0@dev",
                "graylog2/gelf-php": "~1.0",
                "jakub-onderka/php-parallel-lint": "0.9",
                "php-amqplib/php-amqplib": "~2.4",
                "php-console/php-console": "^3.1.3",
                "phpunit/phpunit": "~4.5",
                "phpunit/phpunit-mock-objects": "2.3.0",
                "ruflin/elastica": ">=0.90 <3.0",
                "sentry/sentry": "^0.13",
                "swiftmailer/swiftmailer": "^5.3|^6.0"
            },
            "suggest": {
                "aws/aws-sdk-php": "Allow sending log messages to AWS services like DynamoDB",
                "doctrine/couchdb": "Allow sending log messages to a CouchDB server",
                "ext-amqp": "Allow sending log messages to an AMQP server (1.0+ required)",
                "ext-mongo": "Allow sending log messages to a MongoDB server",
                "graylog2/gelf-php": "Allow sending log messages to a GrayLog2 server",
                "mongodb/mongodb": "Allow sending log messages to a MongoDB server via PHP Driver",
                "php-amqplib/php-amqplib": "Allow sending log messages to an AMQP server using php-amqplib",
                "php-console/php-console": "Allow sending log messages to Google Chrome",
                "rollbar/rollbar": "Allow sending log messages to Rollbar",
                "ruflin/elastica": "Allow sending log messages to an Elastic Search server",
                "sentry/sentry": "Allow sending log messages to a Sentry server"
            },
            "type": "library",
            "extra": {
                "branch-alias": {
                    "dev-master": "2.0.x-dev"
                }
            },
            "autoload": {
                "psr-4": {
                    "Monolog\\": "src/Monolog"
                }
            },
            "notification-url": "https://packagist.org/downloads/",
            "license": [
                "MIT"
            ],
            "authors": [
                {
                    "name": "Jordi Boggiano",
                    "email": "j.boggiano@seld.be",
                    "homepage": "http://seld.be"
                }
            ],
            "description": "Sends your logs to files, sockets, inboxes, databases and various web services",
            "homepage": "http://github.com/Seldaek/monolog",
            "keywords": [
                "log",
                "logging",
                "psr-3"
            ],
            "time": "2017-06-19T01:22:40+00:00"
        },
        {
            "name": "mustache/mustache",
            "version": "v2.12.0",
            "source": {
                "type": "git",
                "url": "https://github.com/bobthecow/mustache.php.git",
                "reference": "fe8fe72e9d580591854de404cc59a1b83ca4d19e"
            },
            "dist": {
                "type": "zip",
                "url": "https://api.github.com/repos/bobthecow/mustache.php/zipball/fe8fe72e9d580591854de404cc59a1b83ca4d19e",
                "reference": "fe8fe72e9d580591854de404cc59a1b83ca4d19e",
                "shasum": ""
            },
            "require": {
                "php": ">=5.2.4"
            },
            "require-dev": {
                "friendsofphp/php-cs-fixer": "~1.11",
                "phpunit/phpunit": "~3.7|~4.0|~5.0"
            },
            "type": "library",
            "autoload": {
                "psr-0": {
                    "Mustache": "src/"
                }
            },
            "notification-url": "https://packagist.org/downloads/",
            "license": [
                "MIT"
            ],
            "authors": [
                {
                    "name": "Justin Hileman",
                    "email": "justin@justinhileman.info",
                    "homepage": "http://justinhileman.com"
                }
            ],
            "description": "A Mustache implementation in PHP.",
            "homepage": "https://github.com/bobthecow/mustache.php",
            "keywords": [
                "mustache",
                "templating"
            ],
            "time": "2017-07-11T12:54:05+00:00"
        },
        {
            "name": "nesbot/carbon",
            "version": "1.29.2",
            "source": {
                "type": "git",
                "url": "https://github.com/briannesbitt/Carbon.git",
                "reference": "ed6aa898982f441ccc9b2acdec51490f2bc5d337"
            },
            "dist": {
                "type": "zip",
                "url": "https://api.github.com/repos/briannesbitt/Carbon/zipball/ed6aa898982f441ccc9b2acdec51490f2bc5d337",
                "reference": "ed6aa898982f441ccc9b2acdec51490f2bc5d337",
                "shasum": ""
            },
            "require": {
                "php": ">=5.3.9",
                "symfony/translation": "~2.6 || ~3.0 || ~4.0"
            },
            "require-dev": {
                "friendsofphp/php-cs-fixer": "~2",
                "phpunit/phpunit": "^4.8.35 || ^5.7"
            },
            "type": "library",
            "autoload": {
                "psr-4": {
                    "": "src/"
                }
            },
            "notification-url": "https://packagist.org/downloads/",
            "license": [
                "MIT"
            ],
            "authors": [
                {
                    "name": "Brian Nesbitt",
                    "email": "brian@nesbot.com",
                    "homepage": "http://nesbot.com"
                }
            ],
            "description": "A simple API extension for DateTime.",
            "homepage": "http://carbon.nesbot.com",
            "keywords": [
                "date",
                "datetime",
                "time"
            ],
            "time": "2018-05-29T15:23:46+00:00"
        },
        {
            "name": "nikic/php-parser",
            "version": "v3.1.5",
            "source": {
                "type": "git",
                "url": "https://github.com/nikic/PHP-Parser.git",
                "reference": "bb87e28e7d7b8d9a7fda231d37457c9210faf6ce"
            },
            "dist": {
                "type": "zip",
                "url": "https://api.github.com/repos/nikic/PHP-Parser/zipball/bb87e28e7d7b8d9a7fda231d37457c9210faf6ce",
                "reference": "bb87e28e7d7b8d9a7fda231d37457c9210faf6ce",
                "shasum": ""
            },
            "require": {
                "ext-tokenizer": "*",
                "php": ">=5.5"
            },
            "require-dev": {
                "phpunit/phpunit": "~4.0|~5.0"
            },
            "bin": [
                "bin/php-parse"
            ],
            "type": "library",
            "extra": {
                "branch-alias": {
                    "dev-master": "3.0-dev"
                }
            },
            "autoload": {
                "psr-4": {
                    "PhpParser\\": "lib/PhpParser"
                }
            },
            "notification-url": "https://packagist.org/downloads/",
            "license": [
                "BSD-3-Clause"
            ],
            "authors": [
                {
                    "name": "Nikita Popov"
                }
            ],
            "description": "A PHP parser written in PHP",
            "keywords": [
                "parser",
                "php"
            ],
            "time": "2018-02-28T20:30:58+00:00"
        },
        {
            "name": "opis/closure",
            "version": "3.0.12",
            "source": {
                "type": "git",
                "url": "https://github.com/opis/closure.git",
                "reference": "507a28d15e79258d404ba76e73976ba895d0eb11"
            },
            "dist": {
                "type": "zip",
                "url": "https://api.github.com/repos/opis/closure/zipball/507a28d15e79258d404ba76e73976ba895d0eb11",
                "reference": "507a28d15e79258d404ba76e73976ba895d0eb11",
                "shasum": ""
            },
            "require": {
                "php": ">=5.4.0"
            },
            "require-dev": {
                "jeremeamia/superclosure": "^2.0",
                "phpunit/phpunit": "^4.0"
            },
            "type": "library",
            "extra": {
                "branch-alias": {
                    "dev-master": "3.0.x-dev"
                }
            },
            "autoload": {
                "psr-4": {
                    "Opis\\Closure\\": "src/"
                },
                "files": [
                    "functions.php"
                ]
            },
            "notification-url": "https://packagist.org/downloads/",
            "license": [
                "MIT"
            ],
            "authors": [
                {
                    "name": "Marius Sarca",
                    "email": "marius.sarca@gmail.com"
                }
            ],
            "description": "A library that can be used to serialize closures (anonymous functions) and arbitrary objects.",
            "homepage": "http://www.opis.io/closure",
            "keywords": [
                "anonymous functions",
                "closure",
                "function",
                "serializable",
                "serialization",
                "serialize"
            ],
            "time": "2018-02-23T08:08:14+00:00"
        },
        {
            "name": "psr/log",
            "version": "1.0.2",
            "source": {
                "type": "git",
                "url": "https://github.com/php-fig/log.git",
                "reference": "4ebe3a8bf773a19edfe0a84b6585ba3d401b724d"
            },
            "dist": {
                "type": "zip",
                "url": "https://api.github.com/repos/php-fig/log/zipball/4ebe3a8bf773a19edfe0a84b6585ba3d401b724d",
                "reference": "4ebe3a8bf773a19edfe0a84b6585ba3d401b724d",
                "shasum": ""
            },
            "require": {
                "php": ">=5.3.0"
            },
            "type": "library",
            "extra": {
                "branch-alias": {
                    "dev-master": "1.0.x-dev"
                }
            },
            "autoload": {
                "psr-4": {
                    "Psr\\Log\\": "Psr/Log/"
                }
            },
            "notification-url": "https://packagist.org/downloads/",
            "license": [
                "MIT"
            ],
            "authors": [
                {
                    "name": "PHP-FIG",
                    "homepage": "http://www.php-fig.org/"
                }
            ],
            "description": "Common interface for logging libraries",
            "homepage": "https://github.com/php-fig/log",
            "keywords": [
                "log",
                "psr",
                "psr-3"
            ],
            "time": "2016-10-10T12:19:37+00:00"
        },
        {
            "name": "roave/security-advisories",
            "version": "dev-master",
            "source": {
                "type": "git",
                "url": "https://github.com/Roave/SecurityAdvisories.git",
                "reference": "0e4ea9f9e1fd3c6a563524f8f399696d98c7c85a"
            },
            "dist": {
                "type": "zip",
                "url": "https://api.github.com/repos/Roave/SecurityAdvisories/zipball/0e4ea9f9e1fd3c6a563524f8f399696d98c7c85a",
                "reference": "0e4ea9f9e1fd3c6a563524f8f399696d98c7c85a",
                "shasum": ""
            },
            "conflict": {
                "3f/pygmentize": "<1.2",
                "adodb/adodb-php": "<5.20.12",
                "amphp/artax": "<1.0.6|>=2,<2.0.6",
                "amphp/http": "<1.0.1",
                "asymmetricrypt/asymmetricrypt": ">=0,<9.9.99",
                "aws/aws-sdk-php": ">=3,<3.2.1",
                "bugsnag/bugsnag-laravel": ">=2,<2.0.2",
                "cakephp/cakephp": ">=1.3,<1.3.18|>=2,<2.4.99|>=2.5,<2.5.99|>=2.6,<2.6.12|>=2.7,<2.7.6|>=3,<3.0.15|>=3.1,<3.1.4|>=3.4,<3.4.14|>=3.5,<3.5.17|>=3.6,<3.6.4",
                "cart2quote/module-quotation": ">=4.1.6,<=4.4.5|>=5,<5.4.4",
                "cartalyst/sentry": "<=2.1.6",
                "codeigniter/framework": "<=3.0.6",
                "composer/composer": "<=1.0.0-alpha11",
                "contao-components/mediaelement": ">=2.14.2,<2.21.1",
                "contao/core": ">=2,<3.5.35",
                "contao/core-bundle": ">=4,<4.4.18|>=4.5,<4.5.8",
                "contao/listing-bundle": ">=4,<4.4.8",
                "contao/newsletter-bundle": ">=4,<4.1",
                "doctrine/annotations": ">=1,<1.2.7",
                "doctrine/cache": ">=1,<1.3.2|>=1.4,<1.4.2",
                "doctrine/common": ">=2,<2.4.3|>=2.5,<2.5.1",
                "doctrine/dbal": ">=2,<2.0.8|>=2.1,<2.1.2",
                "doctrine/doctrine-bundle": "<1.5.2",
                "doctrine/doctrine-module": "<=0.7.1",
                "doctrine/mongodb-odm": ">=1,<1.0.2",
                "doctrine/mongodb-odm-bundle": ">=2,<3.0.1",
                "doctrine/orm": ">=2,<2.4.8|>=2.5,<2.5.1",
                "dompdf/dompdf": ">=0.6,<0.6.2",
                "drupal/core": ">=7,<7.59|>=8,<8.4.8|>=8.5,<8.5.3",
                "drupal/drupal": ">=7,<7.59|>=8,<8.4.8|>=8.5,<8.5.3",
                "erusev/parsedown": "<1.7",
                "ezsystems/ezpublish-legacy": ">=5.3,<5.3.12.3|>=5.4,<5.4.11.3|>=2017.8,<2017.8.1.1|>=2017.12,<2017.12.2.1",
                "firebase/php-jwt": "<2",
                "friendsofsymfony/rest-bundle": ">=1.2,<1.2.2",
                "friendsofsymfony/user-bundle": ">=1.2,<1.3.5",
                "fuel/core": "<1.8.1",
                "gree/jose": "<=2.2",
                "gregwar/rst": "<1.0.3",
                "guzzlehttp/guzzle": ">=6,<6.2.1|>=4.0.0-rc2,<4.2.4|>=5,<5.3.1",
                "illuminate/auth": ">=4,<4.0.99|>=4.1,<=4.1.31|>=4.2,<=4.2.22|>=5,<=5.0.35|>=5.1,<=5.1.46|>=5.2,<=5.2.45|>=5.3,<=5.3.31|>=5.4,<=5.4.36|>=5.5,<5.5.10",
                "illuminate/database": ">=4,<4.0.99|>=4.1,<4.1.29",
                "illuminate/encryption": ">=4,<=4.0.11|>=4.1,<=4.1.31|>=4.2,<=4.2.22|>=5,<=5.0.35|>=5.1,<=5.1.46|>=5.2,<=5.2.45|>=5.3,<=5.3.31|>=5.4,<=5.4.36|>=5.5,<5.5.40|>=5.6,<5.6.15",
                "joomla/session": "<1.3.1",
                "kreait/firebase-php": ">=3.2,<3.8.1",
                "laravel/framework": ">=4,<4.0.99|>=4.1,<=4.1.31|>=4.2,<=4.2.22|>=5,<=5.0.35|>=5.1,<=5.1.46|>=5.2,<=5.2.45|>=5.3,<=5.3.31|>=5.4,<=5.4.36|>=5.5,<5.5.40|>=5.6,<5.6.15",
                "laravel/socialite": ">=1,<1.0.99|>=2,<2.0.10",
                "magento/magento1ce": ">=1.5.0.1,<1.9.3.2",
                "magento/magento1ee": ">=1.9,<1.14.3.2",
                "magento/magento2ce": ">=2,<2.2",
                "monolog/monolog": ">=1.8,<1.12",
                "namshi/jose": "<2.2",
                "onelogin/php-saml": "<2.10.4",
                "oro/crm": ">=1.7,<1.7.4",
                "oro/platform": ">=1.7,<1.7.4",
                "padraic/humbug_get_contents": "<1.1.2",
                "pagarme/pagarme-php": ">=0,<3",
                "paragonie/random_compat": "<2",
                "paypal/merchant-sdk-php": "<3.12",
                "phpmailer/phpmailer": ">=5,<5.2.24",
                "phpunit/phpunit": ">=4.8.19,<4.8.28|>=5.0.10,<5.6.3",
                "phpxmlrpc/extras": "<0.6.1",
                "propel/propel": ">=2.0.0-alpha1,<=2.0.0-alpha7",
                "propel/propel1": ">=1,<=1.7.1",
                "pusher/pusher-php-server": "<2.2.1",
                "sabre/dav": ">=1.6,<1.6.99|>=1.7,<1.7.11|>=1.8,<1.8.9",
                "sensiolabs/connect": "<4.2.3",
                "shopware/shopware": "<5.3.7",
                "silverstripe/cms": ">=3,<=3.0.11|>=3.1,<3.1.11",
                "silverstripe/forum": "<=0.6.1|>=0.7,<=0.7.3",
                "silverstripe/framework": ">=3,<3.3",
                "silverstripe/userforms": "<3",
                "simplesamlphp/saml2": "<1.10.6|>=2,<2.3.8|>=3,<3.1.4",
                "simplesamlphp/simplesamlphp": "<1.15.2",
                "simplesamlphp/simplesamlphp-module-infocard": "<1.0.1",
                "slim/slim": "<2.6",
                "socalnick/scn-social-auth": "<1.15.2",
                "squizlabs/php_codesniffer": ">=1,<2.8.1|>=3,<3.0.1",
                "stormpath/sdk": ">=0,<9.9.99",
                "swiftmailer/swiftmailer": ">=4,<5.4.5",
                "symfony/dependency-injection": ">=2,<2.0.17",
                "symfony/form": ">=2.3,<2.3.35|>=2.4,<2.6.12|>=2.7,<2.7.38|>=2.8,<2.8.31|>=3,<3.2.14|>=3.3,<3.3.13",
                "symfony/framework-bundle": ">=2,<2.3.18|>=2.4,<2.4.8|>=2.5,<2.5.2",
                "symfony/http-foundation": ">=2,<2.7.48|>=2.8,<2.8.41|>=3,<3.3.17|>=3.4,<3.4.11|>=4,<4.0.11",
                "symfony/http-kernel": ">=2,<2.3.29|>=2.4,<2.5.12|>=2.6,<2.6.8",
                "symfony/intl": ">=2.7,<2.7.38|>=2.8,<2.8.31|>=3,<3.2.14|>=3.3,<3.3.13",
                "symfony/routing": ">=2,<2.0.19",
                "symfony/security": ">=2,<2.7.48|>=2.8,<2.8.41|>=3,<3.3.17|>=3.4,<3.4.11|>=4,<4.0.11",
                "symfony/security-bundle": ">=2,<2.7.48|>=2.8,<2.8.41|>=3,<3.3.17|>=3.4,<3.4.11|>=4,<4.0.11",
                "symfony/security-core": ">=2.4,<2.6.13|>=2.7,<2.7.9|>=2.7.30,<2.7.32|>=2.8,<2.8.37|>=3,<3.3.17|>=3.4,<3.4.7|>=4,<4.0.7",
                "symfony/security-csrf": ">=2.4,<2.7.48|>=2.8,<2.8.41|>=3,<3.3.17|>=3.4,<3.4.11|>=4,<4.0.11",
                "symfony/security-guard": ">=2.8,<2.8.41|>=3,<3.3.17|>=3.4,<3.4.11|>=4,<4.0.11",
                "symfony/security-http": ">=2.3,<2.3.41|>=2.4,<2.7.48|>=2.8,<2.8.41|>=3,<3.3.17|>=3.4,<3.4.11|>=4,<4.0.11",
                "symfony/serializer": ">=2,<2.0.11",
                "symfony/symfony": ">=2,<2.7.48|>=2.8,<2.8.41|>=3,<3.3.17|>=3.4,<3.4.11|>=4,<4.0.11",
                "symfony/translation": ">=2,<2.0.17",
                "symfony/validator": ">=2,<2.0.24|>=2.1,<2.1.12|>=2.2,<2.2.5|>=2.3,<2.3.3",
                "symfony/web-profiler-bundle": ">=2,<2.3.19|>=2.4,<2.4.9|>=2.5,<2.5.4",
                "symfony/yaml": ">=2,<2.0.22|>=2.1,<2.1.7",
                "thelia/backoffice-default-template": ">=2.1,<2.1.2",
                "thelia/thelia": ">=2.1,<2.1.2|>=2.1.0-beta1,<2.1.3",
                "titon/framework": ">=0,<9.9.99",
                "twig/twig": "<1.20",
                "typo3/cms": ">=6.2,<6.2.30|>=7,<7.6.22|>=8,<8.7.5",
                "typo3/flow": ">=1,<1.0.4|>=1.1,<1.1.1|>=2,<2.0.1|>=2.3,<2.3.16|>=3,<3.0.10|>=3.1,<3.1.7|>=3.2,<3.2.7|>=3.3,<3.3.5",
                "typo3/neos": ">=1.1,<1.1.3|>=1.2,<1.2.13|>=2,<2.0.4",
                "willdurand/js-translation-bundle": "<2.1.1",
                "yiisoft/yii": ">=1.1.14,<1.1.15",
                "yiisoft/yii2": "<2.0.15",
                "yiisoft/yii2-bootstrap": "<2.0.4",
                "yiisoft/yii2-dev": "<2.0.15",
                "yiisoft/yii2-elasticsearch": "<2.0.5",
                "yiisoft/yii2-gii": "<2.0.4",
                "yiisoft/yii2-jui": "<2.0.4",
                "yiisoft/yii2-redis": "<2.0.8",
                "zendframework/zend-cache": ">=2.4,<2.4.8|>=2.5,<2.5.3",
                "zendframework/zend-captcha": ">=2,<2.4.9|>=2.5,<2.5.2",
                "zendframework/zend-crypt": ">=2,<2.4.9|>=2.5,<2.5.2",
                "zendframework/zend-db": ">=2,<2.0.99|>=2.1,<2.1.99|>=2.2,<2.2.10|>=2.3,<2.3.5",
                "zendframework/zend-diactoros": ">=1,<1.0.4",
                "zendframework/zend-form": ">=2,<2.2.7|>=2.3,<2.3.1",
                "zendframework/zend-http": ">=2,<2.0.99|>=2.1,<2.1.99|>=2.3,<2.3.8|>=2.4,<2.4.1",
                "zendframework/zend-json": ">=2.1,<2.1.6|>=2.2,<2.2.6",
                "zendframework/zend-ldap": ">=2,<2.0.99|>=2.1,<2.1.99|>=2.2,<2.2.8|>=2.3,<2.3.3",
                "zendframework/zend-mail": ">=2,<2.4.11|>=2.5,<2.7.2",
                "zendframework/zend-navigation": ">=2,<2.2.7|>=2.3,<2.3.1",
                "zendframework/zend-session": ">=2,<2.0.99|>=2.1,<2.1.99|>=2.2,<2.2.9|>=2.3,<2.3.4",
                "zendframework/zend-validator": ">=2.3,<2.3.6",
                "zendframework/zend-view": ">=2,<2.2.7|>=2.3,<2.3.1",
                "zendframework/zend-xmlrpc": ">=2.1,<2.1.6|>=2.2,<2.2.6",
                "zendframework/zendframework": ">=2,<2.4.11|>=2.5,<2.5.1",
                "zendframework/zendframework1": "<1.12.20",
                "zendframework/zendopenid": ">=2,<2.0.2",
                "zendframework/zendxml": ">=1,<1.0.1",
                "zetacomponents/mail": "<1.8.2",
                "zf-commons/zfc-user": "<1.2.2",
                "zfcampus/zf-apigility-doctrine": ">=1,<1.0.3",
                "zfr/zfr-oauth2-server-module": "<0.1.2"
            },
            "type": "metapackage",
            "notification-url": "https://packagist.org/downloads/",
            "license": [
                "MIT"
            ],
            "authors": [
                {
                    "name": "Marco Pivetta",
                    "email": "ocramius@gmail.com",
                    "role": "maintainer"
                }
            ],
            "description": "Prevents installation of composer packages with known security vulnerabilities: no API, simply require it",
            "time": "2018-06-08T09:55:50+00:00"
        },
        {
            "name": "swiftmailer/swiftmailer",
            "version": "v6.0.2",
            "source": {
                "type": "git",
                "url": "https://github.com/swiftmailer/swiftmailer.git",
                "reference": "412333372fb6c8ffb65496a2bbd7321af75733fc"
            },
            "dist": {
                "type": "zip",
                "url": "https://api.github.com/repos/swiftmailer/swiftmailer/zipball/412333372fb6c8ffb65496a2bbd7321af75733fc",
                "reference": "412333372fb6c8ffb65496a2bbd7321af75733fc",
                "shasum": ""
            },
            "require": {
                "egulias/email-validator": "~2.0",
                "php": ">=7.0.0"
            },
            "require-dev": {
                "mockery/mockery": "~0.9.1",
                "symfony/phpunit-bridge": "~3.3@dev"
            },
            "type": "library",
            "extra": {
                "branch-alias": {
                    "dev-master": "6.0-dev"
                }
            },
            "autoload": {
                "files": [
                    "lib/swift_required.php"
                ]
            },
            "notification-url": "https://packagist.org/downloads/",
            "license": [
                "MIT"
            ],
            "authors": [
                {
                    "name": "Chris Corbyn"
                },
                {
                    "name": "Fabien Potencier",
                    "email": "fabien@symfony.com"
                }
            ],
            "description": "Swiftmailer, free feature-rich PHP mailer",
            "homepage": "http://swiftmailer.symfony.com",
            "keywords": [
                "email",
                "mail",
                "mailer"
            ],
            "time": "2017-09-30T22:39:41+00:00"
        },
        {
            "name": "symfony/polyfill-mbstring",
            "version": "v1.8.0",
            "source": {
                "type": "git",
                "url": "https://github.com/symfony/polyfill-mbstring.git",
                "reference": "3296adf6a6454a050679cde90f95350ad604b171"
            },
            "dist": {
                "type": "zip",
                "url": "https://api.github.com/repos/symfony/polyfill-mbstring/zipball/3296adf6a6454a050679cde90f95350ad604b171",
                "reference": "3296adf6a6454a050679cde90f95350ad604b171",
                "shasum": ""
            },
            "require": {
                "php": ">=5.3.3"
            },
            "suggest": {
                "ext-mbstring": "For best performance"
            },
            "type": "library",
            "extra": {
                "branch-alias": {
                    "dev-master": "1.8-dev"
                }
            },
            "autoload": {
                "psr-4": {
                    "Symfony\\Polyfill\\Mbstring\\": ""
                },
                "files": [
                    "bootstrap.php"
                ]
            },
            "notification-url": "https://packagist.org/downloads/",
            "license": [
                "MIT"
            ],
            "authors": [
                {
                    "name": "Nicolas Grekas",
                    "email": "p@tchwork.com"
                },
                {
                    "name": "Symfony Community",
                    "homepage": "https://symfony.com/contributors"
                }
            ],
            "description": "Symfony polyfill for the Mbstring extension",
            "homepage": "https://symfony.com",
            "keywords": [
                "compatibility",
                "mbstring",
                "polyfill",
                "portable",
                "shim"
            ],
            "time": "2018-04-26T10:06:28+00:00"
        },
        {
            "name": "symfony/translation",
            "version": "v3.4.11",
            "source": {
                "type": "git",
                "url": "https://github.com/symfony/translation.git",
                "reference": "7047f725e35eab768137c677f8c38e4a2a8e38fb"
            },
            "dist": {
                "type": "zip",
                "url": "https://api.github.com/repos/symfony/translation/zipball/7047f725e35eab768137c677f8c38e4a2a8e38fb",
                "reference": "7047f725e35eab768137c677f8c38e4a2a8e38fb",
                "shasum": ""
            },
            "require": {
                "php": "^5.5.9|>=7.0.8",
                "symfony/polyfill-mbstring": "~1.0"
            },
            "conflict": {
                "symfony/config": "<2.8",
                "symfony/dependency-injection": "<3.4",
                "symfony/yaml": "<3.4"
            },
            "require-dev": {
                "psr/log": "~1.0",
                "symfony/config": "~2.8|~3.0|~4.0",
                "symfony/dependency-injection": "~3.4|~4.0",
                "symfony/finder": "~2.8|~3.0|~4.0",
                "symfony/intl": "^2.8.18|^3.2.5|~4.0",
                "symfony/yaml": "~3.4|~4.0"
            },
            "suggest": {
                "psr/log-implementation": "To use logging capability in translator",
                "symfony/config": "",
                "symfony/yaml": ""
            },
            "type": "library",
            "extra": {
                "branch-alias": {
                    "dev-master": "3.4-dev"
                }
            },
            "autoload": {
                "psr-4": {
                    "Symfony\\Component\\Translation\\": ""
                },
                "exclude-from-classmap": [
                    "/Tests/"
                ]
            },
            "notification-url": "https://packagist.org/downloads/",
            "license": [
                "MIT"
            ],
            "authors": [
                {
                    "name": "Fabien Potencier",
                    "email": "fabien@symfony.com"
                },
                {
                    "name": "Symfony Community",
                    "homepage": "https://symfony.com/contributors"
                }
            ],
            "description": "Symfony Translation Component",
            "homepage": "https://symfony.com",
            "time": "2018-05-21T10:06:52+00:00"
        },
        {
            "name": "timetoogo/pinq",
            "version": "3.4.1",
            "source": {
                "type": "git",
                "url": "https://github.com/TimeToogo/Pinq.git",
                "reference": "fa55da968d063c5aca384b5298665348da248c08"
            },
            "dist": {
                "type": "zip",
                "url": "https://api.github.com/repos/TimeToogo/Pinq/zipball/fa55da968d063c5aca384b5298665348da248c08",
                "reference": "fa55da968d063c5aca384b5298665348da248c08",
                "shasum": ""
            },
            "require": {
                "nikic/php-parser": "~3.1",
                "php": ">=5.5.0"
            },
            "require-dev": {
                "doctrine/cache": "1.5.*",
                "phpunit/phpunit": "4.8.*",
                "satooshi/php-coveralls": "1.0.*"
            },
            "type": "library",
            "autoload": {
                "psr-4": {
                    "Pinq\\": "Source/"
                }
            },
            "notification-url": "https://packagist.org/downloads/",
            "license": [
                "MIT"
            ],
            "authors": [
                {
                    "name": "Elliot Levin",
                    "email": "elliotlevin@hotmail.com"
                }
            ],
            "description": "PHP Integrated Query - A real LINQ library for PHP",
            "homepage": "http://www.github.com/TimeToogo/Pinq",
            "keywords": [
                "collection",
                "pinq",
                "query"
            ],
            "time": "2017-09-06T06:27:03+00:00"
        }
    ],
    "packages-dev": [],
    "aliases": [],
    "minimum-stability": "stable",
    "stability-flags": {
        "roave/security-advisories": 20,
        "leon-mbs/zippy": 20
    },
    "prefer-stable": false,
    "prefer-lowest": false,
    "platform": {
        "php": ">=5.4"
    },
    "platform-dev": []
}
